
Microsoft Visual Studio Solution File, Format Version 12.00
# Visual Studio Version 17
VisualStudioVersion = 17.7.34024.191
MinimumVisualStudioVersion = 10.0.40219.1
Project("{8BC9CEB8-8B4A-11D0-8D11-00A0C91BC942}") = "SaltnPepperEngine", "SaltnPepperEngine\SaltnPepperEngine.vcxproj", "{AEC60291-5C81-41FC-8CCC-FCD402AE380D}"
EndProject
Project("{8BC9CEB8-8B4A-11D0-8D11-00A0C91BC942}") = "GraphicApplication", "GraphicApplication\GraphicApplication.vcxproj", "{A2BB6162-CAD1-4C55-B4FD-F5A9AE1E0906}"
EndProject
Global
	GlobalSection(SolutionConfigurationPlatforms) = preSolution
		Debug|x64 = Debug|x64
		Debug|x86 = Debug|x86
		Release|x64 = Release|x64
		Release|x86 = Release|x86
	EndGlobalSection
	GlobalSection(ProjectConfigurationPlatforms) = postSolution
		{AEC60291-5C81-41FC-8CCC-FCD402AE380D}.Debug|x64.ActiveCfg = Debug|x64
		{AEC60291-5C81-41FC-8CCC-FCD402AE380D}.Debug|x64.Build.0 = Debug|x64
		{AEC60291-5C81-41FC-8CCC-FCD402AE380D}.Debug|x86.ActiveCfg = Debug|x64
		{AEC60291-5C81-41FC-8CCC-FCD402AE380D}.Release|x64.ActiveCfg = Release|x64
		{AEC60291-5C81-41FC-8CCC-FCD402AE380D}.Release|x64.Build.0 = Release|x64
		{AEC60291-5C81-41FC-8CCC-FCD402AE380D}.Release|x86.ActiveCfg = Release|x64
		{A2BB6162-CAD1-4C55-B4FD-F5A9AE1E0906}.Debug|x64.ActiveCfg = Debug|x64
		{A2BB6162-CAD1-4C55-B4FD-F5A9AE1E0906}.Debug|x64.Build.0 = Debug|x64
		{A2BB6162-CAD1-4C55-B4FD-F5A9AE1E0906}.Debug|x86.ActiveCfg = Debug|Win32
		{A2BB6162-CAD1-4C55-B4FD-F5A9AE1E0906}.Debug|x86.Build.0 = Debug|Win32
		{A2BB6162-CAD1-4C55-B4FD-F5A9AE1E0906}.Release|x64.ActiveCfg = Release|x64
		{A2BB6162-CAD1-4C55-B4FD-F5A9AE1E0906}.Release|x64.Build.0 = Release|x64
		{A2BB6162-CAD1-4C55-B4FD-F5A9AE1E0906}.Release|x86.ActiveCfg = Release|Win32
		{A2BB6162-CAD1-4C55-B4FD-F5A9AE1E0906}.Release|x86.Build.0 = Release|Win32
	EndGlobalSection
	GlobalSection(SolutionProperties) = preSolution
		HideSolutionNode = FALSE
	EndGlobalSection
	GlobalSection(ExtensibilityGlobals) = postSolution
		SolutionGuid = {57D35B5D-7975-4B78-B6CE-436E43BF0BDA}
	EndGlobalSection
EndGlobal
